# THIS IS AN AUTOGENERATED FILE. DO NOT EDIT THIS FILE DIRECTLY.
# yarn lockfile v1


bs-platform@^8.3.2:
  version "8.3.2"
  resolved "https://registry.yarnpkg.com/bs-platform/-/bs-platform-8.3.2.tgz#c307f1cc2d2397c3d088c7f3b62e9f493283cdcf"
  integrity sha512-iOTi5JIlNPoCPq31NS9ET79FLyCpwTL2JZbgHz35LzY9Bch1iDtbBR3FVGhRbjphxelAP4fLlFONfUNp5Y3a5g==

rescript-js@^0.1.11:
  version "0.1.11"
  resolved "https://registry.yarnpkg.com/rescript-js/-/rescript-js-0.1.11.tgz#2f82a30cbd2be2438c27c7056b334d71d97f3156"
  integrity sha512-+g0D8jeca5RLAhAyU4rGqRHdFDLlrTg0ICphz68zVtjxdVrwF8y+JxvtJyQUyglZHX7DE/QUzUCTUGLCmQ0VrA==
